{
  "name": "number_multiplier",
  "version": "1.0.0",
  "lockfileVersion": 1,
  "requires": true,
  "dependencies": {
    "motivational_strings": {
      "version": "1.0.0",
      "resolved": "https://registry.npmjs.org/motivational_strings/-/motivational_strings-1.0.0.tgz",
      "integrity": "sha512-3l5gstiZ/7Jtn3qrFQK7WtfV4pKxp85ylCQ3sA+nF2j3xkm+vycj8HjzNQ8arCws2/+uwtNXBQ76Z7QS+Pu1Vg=="
    },
    "string_lengthfinder": {
      "version": "1.0.0",
      "resolved": "https://registry.npmjs.org/string_lengthfinder/-/string_lengthfinder-1.0.0.tgz",
      "integrity": "sha512-wYo/HLI8nILsACbDPrAbRJy/29b6cwRP2tDhUnSdFNMMBE8W6gDbCowFi+TfEHzaPj8VlSU8B121SP1IML7Qeg==",
      "requires": {
        "motivational_strings": "^1.0.0"
      }
    }
  }
}
